// !$*UTF8*$!
{
	archiveVersion = 1;
	classes = {
	};
	objectVersion = 46;
	objects = {

/* Begin PBXBuildFile section */
		28DEC8851B933B25002E4E03 /* AppDelegate.swift in Sources */ = {isa = PBXBuildFile; fileRef = 28DEC8841B933B25002E4E03 /* AppDelegate.swift */; };
		28DEC8871B933B25002E4E03 /* ViewController.swift in Sources */ = {isa = PBXBuildFile; fileRef = 28DEC8861B933B25002E4E03 /* ViewController.swift */; };
		28DEC88A1B933B25002E4E03 /* Main.storyboard in Resources */ = {isa = PBXBuildFile; fileRef = 28DEC8881B933B25002E4E03 /* Main.storyboard */; };
		28DEC88C1B933B25002E4E03 /* Images.xcassets in Resources */ = {isa = PBXBuildFile; fileRef = 28DEC88B1B933B25002E4E03 /* Images.xcassets */; };
		28DEC88F1B933B25002E4E03 /* LaunchScreen.xib in Resources */ = {isa = PBXBuildFile; fileRef = 28DEC88D1B933B25002E4E03 /* LaunchScreen.xib */; };
		28DEC89B1B933B25002E4E03 /* SampleGreenhouseAppTests.swift in Sources */ = {isa = PBXBuildFile; fileRef = 28DEC89A1B933B25002E4E03 /* SampleGreenhouseAppTests.swift */; };
/* End PBXBuildFile section */

/* Begin PBXContainerItemProxy section */
		28DEC8951B933B25002E4E03 /* PBXContainerItemProxy */ = {
			isa = PBXContainerItemProxy;
			containerPortal = 28DEC8771B933B25002E4E03 /* Project object */;
			proxyType = 1;
			remoteGlobalIDString = 28DEC87E1B933B25002E4E03;
			remoteInfo = SampleGreenhouseApp;
		};
/* End PBXContainerItemProxy section */

/* Begin PBXFileReference section */
		28DEC87F1B933B25002E4E03 /* SampleGreenhouseApp.app */ = {isa = PBXFileReference; explicitFileType = wrapper.application; includeInIndex = 0; path = SampleGreenhouseApp.app; sourceTree = BUILT_PRODUCTS_DIR; };
		28DEC8831B933B25002E4E03 /* Info.plist */ = {isa = PBXFileReference; lastKnownFileType = text.plist.xml; path = Info.plist; sourceTree = "<group>"; };
		28DEC8841B933B25002E4E03 /* AppDelegate.swift */ = {isa = PBXFileReference; lastKnownFileType = sourcecode.swift; path = AppDelegate.swift; sourceTree = "<group>"; };
		28DEC8861B933B25002E4E03 /* ViewController.swift */ = {isa = PBXFileReference; lastKnownFileType = sourcecode.swift; path = ViewController.swift; sourceTree = "<group>"; };
		28DEC8891B933B25002E4E03 /* Base */ = {isa = PBXFileReference; lastKnownFileType = file.storyboard; name = Base; path = Base.lproj/Main.storyboard; sourceTree = "<group>"; };
		28DEC88B1B933B25002E4E03 /* Images.xcassets */ = {isa = PBXFileReference; lastKnownFileType = folder.assetcatalog; path = Images.xcassets; sourceTree = "<group>"; };
		28DEC88E1B933B25002E4E03 /* Base */ = {isa = PBXFileReference; lastKnownFileType = file.xib; name = Base; path = Base.lproj/LaunchScreen.xib; sourceTree = "<group>"; };
		28DEC8941B933B25002E4E03 /* SampleGreenhouseAppTests.xctest */ = {isa = PBXFileReference; explicitFileType = wrapper.cfbundle; includeInIndex = 0; path = SampleGreenhouseAppTests.xctest; sourceTree = BUILT_PRODUCTS_DIR; };
		28DEC8991B933B25002E4E03 /* Info.plist */ = {isa = PBXFileReference; lastKnownFileType = text.plist.xml; path = Info.plist; sourceTree = "<group>"; };
		28DEC89A1B933B25002E4E03 /* SampleGreenhouseAppTests.swift */ = {isa = PBXFileReference; lastKnownFileType = sourcecode.swift; path = SampleGreenhouseAppTests.swift; sourceTree = "<group>"; };
/* End PBXFileReference section */

/* Begin PBXFrameworksBuildPhase section */
		28DEC87C1B933B25002E4E03 /* Frameworks */ = {
			isa = PBXFrameworksBuildPhase;
			buildActionMask = 2147483647;
			files = (
			);
			runOnlyForDeploymentPostprocessing = 0;
		};
		28DEC8911B933B25002E4E03 /* Frameworks */ = {
			isa = PBXFrameworksBuildPhase;
			buildActionMask = 2147483647;
			files = (
			);
			runOnlyForDeploymentPostprocessing = 0;
		};
/* End PBXFrameworksBuildPhase section */

/* Begin PBXGroup section */
		28DEC8761B933B25002E4E03 = {
			isa = PBXGroup;
			children = (
				28DEC8811B933B25002E4E03 /* SampleGreenhouseApp */,
				28DEC8971B933B25002E4E03 /* SampleGreenhouseAppTests */,
				28DEC8801B933B25002E4E03 /* Products */,
			);
			sourceTree = "<group>";
		};
		28DEC8801B933B25002E4E03 /* Products */ = {
			isa = PBXGroup;
			children = (
				28DEC87F1B933B25002E4E03 /* SampleGreenhouseApp.app */,
				28DEC8941B933B25002E4E03 /* SampleGreenhouseAppTests.xctest */,
			);
			name = Products;
			sourceTree = "<group>";
		};
		28DEC8811B933B25002E4E03 /* SampleGreenhouseApp */ = {
			isa = PBXGroup;
			children = (
				28DEC8841B933B25002E4E03 /* AppDelegate.swift */,
				28DEC8861B933B25002E4E03 /* ViewController.swift */,
				28DEC8881B933B25002E4E03 /* Main.storyboard */,
				28DEC88B1B933B25002E4E03 /* Images.xcassets */,
				28DEC88D1B933B25002E4E03 /* LaunchScreen.xib */,
				28DEC8821B933B25002E4E03 /* Supporting Files */,
			);
			path = SampleGreenhouseApp;
			sourceTree = "<group>";
		};
		28DEC8821B933B25002E4E03 /* Supporting Files */ = {
			isa = PBXGroup;
			children = (
				28DEC8831B933B25002E4E03 /* Info.plist */,
			);
			name = "Supporting Files";
			sourceTree = "<group>";
		};
		28DEC8971B933B25002E4E03 /* SampleGreenhouseAppTests */ = {
			isa = PBXGroup;
			children = (
				28DEC89A1B933B25002E4E03 /* SampleGreenhouseAppTests.swift */,
				28DEC8981B933B25002E4E03 /* Supporting Files */,
			);
			path = SampleGreenhouseAppTests;
			sourceTree = "<group>";
		};
		28DEC8981B933B25002E4E03 /* Supporting Files */ = {
			isa = PBXGroup;
			children = (
				28DEC8991B933B25002E4E03 /* Info.plist */,
			);
			name = "Supporting Files";
			sourceTree = "<group>";
		};
/* End PBXGroup section */

/* Begin PBXNativeTarget section */
		28DEC87E1B933B25002E4E03 /* SampleGreenhouseApp */ = {
			isa = PBXNativeTarget;
			buildConfigurationList = 28DEC89E1B933B25002E4E03 /* Build configuration list for PBXNativeTarget "SampleGreenhouseApp" */;
			buildPhases = (
				28DEC87B1B933B25002E4E03 /* Sources */,
				28DEC87C1B933B25002E4E03 /* Frameworks */,
				28DEC87D1B933B25002E4E03 /* Resources */,
			);
			buildRules = (
			);
			dependencies = (
			);
			name = SampleGreenhouseApp;
			productName = SampleGreenhouseApp;
			productReference = 28DEC87F1B933B25002E4E03 /* SampleGreenhouseApp.app */;
			productType = "com.apple.product-type.application";
		};
		28DEC8931B933B25002E4E03 /* SampleGreenhouseAppTests */ = {
			isa = PBXNativeTarget;
			buildConfigurationList = 28DEC8A11B933B25002E4E03 /* Build configuration list for PBXNativeTarget "SampleGreenhouseAppTests" */;
			buildPhases = (
				28DEC8901B933B25002E4E03 /* Sources */,
				28DEC8911B933B25002E4E03 /* Frameworks */,
				28DEC8921B933B25002E4E03 /* Resources */,
			);
			buildRules = (
			);
			dependencies = (
				28DEC8961B933B25002E4E03 /* PBXTargetDependency */,
			);
			name = SampleGreenhouseAppTests;
			productName = SampleGreenhouseAppTests;
			productReference = 28DEC8941B933B25002E4E03 /* SampleGreenhouseAppTests.xctest */;
			productType = "com.apple.product-type.bundle.unit-test";
		};
/* End PBXNativeTarget section */

/* Begin PBXProject section */
		28DEC8771B933B25002E4E03 /* Project object */ = {
			isa = PBXProject;
			attributes = {
				LastUpgradeCheck = 0640;
				ORGANIZATIONNAME = Test;
				TargetAttributes = {
					28DEC87E1B933B25002E4E03 = {
						CreatedOnToolsVersion = 6.4;
					};
					28DEC8931B933B25002E4E03 = {
						CreatedOnToolsVersion = 6.4;
						TestTargetID = 28DEC87E1B933B25002E4E03;
					};
				};
			};
			buildConfigurationList = 28DEC87A1B933B25002E4E03 /* Build configuration list for PBXProject "SampleGreenhouseApp" */;
			compatibilityVersion = "Xcode 3.2";
			developmentRegion = English;
			hasScannedForEncodings = 0;
			knownRegions = (
				en,
				Base,
			);
			mainGroup = 28DEC8761B933B25002E4E03;
			productRefGroup = 28DEC8801B933B25002E4E03 /* Products */;
			projectDirPath = "";
			projectRoot = "";
			targets = (
				28DEC87E1B933B25002E4E03 /* SampleGreenhouseApp */,
				28DEC8931B933B25002E4E03 /* SampleGreenhouseAppTests */,
			);
		};
/* End PBXProject section */

/* Begin PBXResourcesBuildPhase section */
		28DEC87D1B933B25002E4E03 /* Resources */ = {
			isa = PBXResourcesBuildPhase;
			buildActionMask = 2147483647;
			files = (
				28DEC88A1B933B25002E4E03 /* Main.storyboard in Resources */,
				28DEC88F1B933B25002E4E03 /* LaunchScreen.xib in Resources */,
				28DEC88C1B933B25002E4E03 /* Images.xcassets in Resources */,
			);
			runOnlyForDeploymentPostprocessing = 0;
		};
		28DEC8921B933B25002E4E03 /* Resources */ = {
			isa = PBXResourcesBuildPhase;
			buildActionMask = 2147483647;
			files = (
			);
			runOnlyForDeploymentPostprocessing = 0;
		};
/* End PBXResourcesBuildPhase section */

/* Begin PBXSourcesBuildPhase section */
		28DEC87B1B933B25002E4E03 /* Sources */ = {
			isa = PBXSourcesBuildPhase;
			buildActionMask = 2147483647;
			files = (
				28DEC8871B933B25002E4E03 /* ViewController.swift in Sources */,
				28DEC8851B933B25002E4E03 /* AppDelegate.swift in Sources */,
			);
			runOnlyForDeploymentPostprocessing = 0;
		};
		28DEC8901B933B25002E4E03 /* Sources */ = {
			isa = PBXSourcesBuildPhase;
			buildActionMask = 2147483647;
			files = (
				28DEC89B1B933B25002E4E03 /* SampleGreenhouseAppTests.swift in Sources */,
			);
			runOnlyForDeploymentPostprocessing = 0;
		};
/* End PBXSourcesBuildPhase section */

/* Begin PBXTargetDependency section */
		28DEC8961B933B25002E4E03 /* PBXTargetDependency */ = {
			isa = PBXTargetDependency;
			target = 28DEC87E1B933B25002E4E03 /* SampleGreenhouseApp */;
			targetProxy = 28DEC8951B933B25002E4E03 /* PBXContainerItemProxy */;
		};
/* End PBXTargetDependency section */

/* Begin PBXVariantGroup section */
		28DEC8881B933B25002E4E03 /* Main.storyboard */ = {
			isa = PBXVariantGroup;
			children = (
				28DEC8891B933B25002E4E03 /* Base */,
			);
			name = Main.storyboard;
			sourceTree = "<group>";
		};
		28DEC88D1B933B25002E4E03 /* LaunchScreen.xib */ = {
			isa = PBXVariantGroup;
			children = (
				28DEC88E1B933B25002E4E03 /* Base */,
			);
			name = LaunchScreen.xib;
			sourceTree = "<group>";
		};
/* End PBXVariantGroup section */

/* Begin XCBuildConfiguration section */
		28DEC89C1B933B25002E4E03 /* Debug */ = {
			isa = XCBuildConfiguration;
			buildSettings = {
				ALWAYS_SEARCH_USER_PATHS = NO;
				CLANG_CXX_LANGUAGE_STANDARD = "gnu++0x";
				CLANG_CXX_LIBRARY = "libc++";
				CLANG_ENABLE_MODULES = YES;
				CLANG_ENABLE_OBJC_ARC = YES;
				CLANG_WARN_BOOL_CONVERSION = YES;
				CLANG_WARN_CONSTANT_CONVERSION = YES;
				CLANG_WARN_DIRECT_OBJC_ISA_USAGE = YES_ERROR;
				CLANG_WARN_EMPTY_BODY = YES;
				CLANG_WARN_ENUM_CONVERSION = YES;
				CLANG_WARN_INT_CONVERSION = YES;
				CLANG_WARN_OBJC_ROOT_CLASS = YES_ERROR;
				CLANG_WARN_UNREACHABLE_CODE = YES;
				CLANG_WARN__DUPLICATE_METHOD_MATCH = YES;
				"CODE_SIGN_IDENTITY[sdk=iphoneos*]" = "iPhone Developer";
				COPY_PHASE_STRIP = NO;
				DEBUG_INFORMATION_FORMAT = "dwarf-with-dsym";
				ENABLE_STRICT_OBJC_MSGSEND = YES;
				GCC_C_LANGUAGE_STANDARD = gnu99;
				GCC_DYNAMIC_NO_PIC = NO;
				GCC_NO_COMMON_BLOCKS = YES;
				GCC_OPTIMIZATION_LEVEL = 0;
				GCC_PREPROCESSOR_DEFINITIONS = (
					"DEBUG=1",
					"$(inherited)",
				);
				GCC_SYMBOLS_PRIVATE_EXTERN = NO;
				GCC_WARN_64_TO_32_BIT_CONVERSION = YES;
				GCC_WARN_ABOUT_RETURN_TYPE = YES_ERROR;
				GCC_WARN_UNDECLARED_SELECTOR = YES;
				GCC_WARN_UNINITIALIZED_AUTOS = YES_AGGRESSIVE;
				GCC_WARN_UNUSED_FUNCTION = YES;
				GCC_WARN_UNUSED_VARIABLE = YES;
				IPHONEOS_DEPLOYMENT_TARGET = 8.4;
				MTL_ENABLE_DEBUG_INFO = YES;
				ONLY_ACTIVE_ARCH = YES;
				SDKROOT = iphoneos;
				SWIFT_OPTIMIZATION_LEVEL = "-Onone";
				TARGETED_DEVICE_FAMILY = "1,2";
			};
			name = Debug;
		};
		28DEC89D1B933B25002E4E03 /* Release */ = {
			isa = XCBuildConfiguration;
			buildSettings = {
				ALWAYS_SEARCH_USER_PATHS = NO;
				CLANG_CXX_LANGUAGE_STANDARD = "gnu++0x";
				CLANG_CXX_LIBRARY = "libc++";
				CLANG_ENABLE_MODULES = YES;
				CLANG_ENABLE_OBJC_ARC = YES;
				CLANG_WARN_BOOL_CONVERSION = YES;
				CLANG_WARN_CONSTANT_CONVERSION = YES;
				CLANG_WARN_DIRECT_OBJC_ISA_USAGE = YES_ERROR;
				CLANG_WARN_EMPTY_BODY = YES;
				CLANG_WARN_ENUM_CONVERSION = YES;
				CLANG_WARN_INT_CONVERSION = YES;
				CLANG_WARN_OBJC_ROOT_CLASS = YES_ERROR;
				CLANG_WARN_UNREACHABLE_CODE = YES;
				CLANG_WARN__DUPLICATE_METHOD_MATCH = YES;
				"CODE_SIGN_IDENTITY[sdk=iphoneos*]" = "iPhone Developer";
				COPY_PHASE_STRIP = NO;
				DEBUG_INFORMATION_FORMAT = "dwarf-with-dsym";
				ENABLE_NS_ASSERTIONS = NO;
				ENABLE_STRICT_OBJC_MSGSEND = YES;
				GCC_C_LANGUAGE_STANDARD = gnu99;
				GCC_NO_COMMON_BLOCKS = YES;
				GCC_WARN_64_TO_32_BIT_CONVERSION = YES;
				GCC_WARN_ABOUT_RETURN_TYPE = YES_ERROR;
				GCC_WARN_UNDECLARED_SELECTOR = YES;
				GCC_WARN_UNINITIALIZED_AUTOS = YES_AGGRESSIVE;
				GCC_WARN_UNUSED_FUNCTION = YES;
				GCC_WARN_UNUSED_VARIABLE = YES;
				IPHONEOS_DEPLOYMENT_TARGET = 8.4;
				MTL_ENABLE_DEBUG_INFO = NO;
				SDKROOT = iphoneos;
				TARGETED_DEVICE_FAMILY = "1,2";
				VALIDATE_PRODUCT = YES;
			};
			name = Release;
		};
		28DEC89F1B933B25002E4E03 /* Debug */ = {
			isa = XCBuildConfiguration;
			buildSettings = {
				ASSETCATALOG_COMPILER_APPICON_NAME = AppIcon;
				INFOPLIST_FILE = SampleGreenhouseApp/Info.plist;
				LD_RUNPATH_SEARCH_PATHS = "$(inherited) @executable_path/Frameworks";
				PRODUCT_NAME = "$(TARGET_NAME)";
			};
			name = Debug;
		};
		28DEC8A01B933B25002E4E03 /* Release */ = {
			isa = XCBuildConfiguration;
			buildSettings = {
				ASSETCATALOG_COMPILER_APPICON_NAME = AppIcon;
				INFOPLIST_FILE = SampleGreenhouseApp/Info.plist;
				LD_RUNPATH_SEARCH_PATHS = "$(inherited) @executable_path/Frameworks";
				PRODUCT_NAME = "$(TARGET_NAME)";
			};
			name = Release;
		};
		28DEC8A21B933B25002E4E03 /* Debug */ = {
			isa = XCBuildConfiguration;
			buildSettings = {
				BUNDLE_LOADER = "$(TEST_HOST)";
				FRAMEWORK_SEARCH_PATHS = (
					"$(SDKROOT)/Developer/Library/Frameworks",
					"$(inherited)",
				);
				GCC_PREPROCESSOR_DEFINITIONS = (
					"DEBUG=1",
					"$(inherited)",
				);
				INFOPLIST_FILE = SampleGreenhouseAppTests/Info.plist;
				LD_RUNPATH_SEARCH_PATHS = "$(inherited) @executable_path/Frameworks @loader_path/Frameworks";
				PRODUCT_NAME = "$(TARGET_NAME)";
				TEST_HOST = "$(BUILT_PRODUCTS_DIR)/SampleGreenhouseApp.app/SampleGreenhouseApp";
			};
			name = Debug;
		};
		28DEC8A31B933B25002E4E03 /* Release */ = {
			isa = XCBuildConfiguration;
			buildSettings = {
				BUNDLE_LOADER = "$(TEST_HOST)";
				FRAMEWORK_SEARCH_PATHS = (
					"$(SDKROOT)/Developer/Library/Frameworks",
					"$(inherited)",
				);
				INFOPLIST_FILE = SampleGreenhouseAppTests/Info.plist;
				LD_RUNPATH_SEARCH_PATHS = "$(inherited) @executable_path/Frameworks @loader_path/Frameworks";
				PRODUCT_NAME = "$(TARGET_NAME)";
				TEST_HOST = "$(BUILT_PRODUCTS_DIR)/SampleGreenhouseApp.app/SampleGreenhouseApp";
			};
			name = Release;
		};
/* End XCBuildConfiguration section */

/* Begin XCConfigurationList section */
		28DEC87A1B933B25002E4E03 /* Build configuration list for PBXProject "SampleGreenhouseApp" */ = {
			isa = XCConfigurationList;
			buildConfigurations = (
				28DEC89C1B933B25002E4E03 /* Debug */,
				28DEC89D1B933B25002E4E03 /* Release */,
			);
			defaultConfigurationIsVisible = 0;
			defaultConfigurationName = Release;
		};
		28DEC89E1B933B25002E4E03 /* Build configuration list for PBXNativeTarget "SampleGreenhouseApp" */ = {
			isa = XCConfigurationList;
			buildConfigurations = (
				28DEC89F1B933B25002E4E03 /* Debug */,
				28DEC8A01B933B25002E4E03 /* Release */,
			);
			defaultConfigurationIsVisible = 0;
		};
		28DEC8A11B933B25002E4E03 /* Build configuration list for PBXNativeTarget "SampleGreenhouseAppTests" */ = {
			isa = XCConfigurationList;
			buildConfigurations = (
				28DEC8A21B933B25002E4E03 /* Debug */,
				28DEC8A31B933B25002E4E03 /* Release */,
			);
			defaultConfigurationIsVisible = 0;
		};
/* End XCConfigurationList section */
	};
	rootObject = 28DEC8771B933B25002E4E03 /* Project object */;
}
